dependencies:
- name: grafana
  repository: https://grafana.github.io/helm-charts
  version: 7.2.1
- name: metricbeat
  repository: https://helm.elastic.co
  version: 8.5.1
- name: sealed-secrets
  repository: https://bitnami-labs.github.io/sealed-secrets
  version: 2.16.2
digest: sha256:de8e51465f5459c4450e2a169eacf7256938eda5b6f220c2e3705c5770dc3fc6
generated: "2026-01-09T01:07:37.606745024Z"
